
Microsoft Visual Studio Solution File, Format Version 12.00
# Visual Studio Version 17
VisualStudioVersion = 17.7.34031.279
MinimumVisualStudioVersion = 10.0.40219.1
Project("{FAE04EC0-301F-11D3-BF4B-00C04F79EFBC}") = "ItalianPizzaHouse", "ItalianPizzaHouse.csproj", "{FC3708AA-DAA0-413D-A605-A8AB23B0E43B}"
EndProject
Project("{FAE04EC0-301F-11D3-BF4B-00C04F79EFBC}") = "ItalianPizzaHouseTests", "..\ItalianPizzaHouseTests\ItalianPizzaHouseTests.csproj", "{0512CCD2-150E-469D-AA62-E2B041600148}"
EndProject
Global
	GlobalSection(SolutionConfigurationPlatforms) = preSolution
		Debug|Any CPU = Debug|Any CPU
		Release|Any CPU = Release|Any CPU
	EndGlobalSection
	GlobalSection(ProjectConfigurationPlatforms) = postSolution
		{FC3708AA-DAA0-413D-A605-A8AB23B0E43B}.Debug|Any CPU.ActiveCfg = Debug|Any CPU
		{FC3708AA-DAA0-413D-A605-A8AB23B0E43B}.Debug|Any CPU.Build.0 = Debug|Any CPU
		{FC3708AA-DAA0-413D-A605-A8AB23B0E43B}.Release|Any CPU.ActiveCfg = Release|Any CPU
		{FC3708AA-DAA0-413D-A605-A8AB23B0E43B}.Release|Any CPU.Build.0 = Release|Any CPU
		{0512CCD2-150E-469D-AA62-E2B041600148}.Debug|Any CPU.ActiveCfg = Debug|Any CPU
		{0512CCD2-150E-469D-AA62-E2B041600148}.Debug|Any CPU.Build.0 = Debug|Any CPU
		{0512CCD2-150E-469D-AA62-E2B041600148}.Release|Any CPU.ActiveCfg = Release|Any CPU
		{0512CCD2-150E-469D-AA62-E2B041600148}.Release|Any CPU.Build.0 = Release|Any CPU
	EndGlobalSection
	GlobalSection(SolutionProperties) = preSolution
		HideSolutionNode = FALSE
	EndGlobalSection
	GlobalSection(ExtensibilityGlobals) = postSolution
		SolutionGuid = {0BAC370E-34F0-41E7-AA55-46E3A4A9101C}
	EndGlobalSection
EndGlobal
